
Microsoft Visual Studio Solution File, Format Version 12.00
# Visual Studio 15
VisualStudioVersion = 15.0.28307.1000
MinimumVisualStudioVersion = 10.0.40219.1
Project("{8BC9CEB8-8B4A-11D0-8D11-00A0C91BC942}") = "Game", "Game\Game.vcxproj", "{7F44826C-A3FE-4B15-92A6-57145AD71FE0}"
EndProject
Global
	GlobalSection(SolutionConfigurationPlatforms) = preSolution
		Debug|x64 = Debug|x64
		Debug|x86 = Debug|x86
		Release|x64 = Release|x64
		Release|x86 = Release|x86
	EndGlobalSection
	GlobalSection(ProjectConfigurationPlatforms) = postSolution
		{7F44826C-A3FE-4B15-92A6-57145AD71FE0}.Debug|x64.ActiveCfg = Debug|x64
		{7F44826C-A3FE-4B15-92A6-57145AD71FE0}.Debug|x64.Build.0 = Debug|x64
		{7F44826C-A3FE-4B15-92A6-57145AD71FE0}.Debug|x86.ActiveCfg = Debug|Win32
		{7F44826C-A3FE-4B15-92A6-57145AD71FE0}.Debug|x86.Build.0 = Debug|Win32
		{7F44826C-A3FE-4B15-92A6-57145AD71FE0}.Release|x64.ActiveCfg = Release|x64
		{7F44826C-A3FE-4B15-92A6-57145AD71FE0}.Release|x64.Build.0 = Release|x64
		{7F44826C-A3FE-4B15-92A6-57145AD71FE0}.Release|x86.ActiveCfg = Release|Win32
		{7F44826C-A3FE-4B15-92A6-57145AD71FE0}.Release|x86.Build.0 = Release|Win32
	EndGlobalSection
	GlobalSection(SolutionProperties) = preSolution
		HideSolutionNode = FALSE
	EndGlobalSection
	GlobalSection(ExtensibilityGlobals) = postSolution
		SolutionGuid = {B78F29B7-BA90-49D6-9367-07355F48379D}
	EndGlobalSection
EndGlobal
