
Microsoft Visual Studio Solution File, Format Version 12.00
# Visual Studio 15
VisualStudioVersion = 15.0.27428.2027
MinimumVisualStudioVersion = 10.0.40219.1
Project("{FAE04EC0-301F-11D3-BF4B-00C04F79EFBC}") = "CreateDeviceAndSwapChain", "CreateDeviceAndSwapChain\CreateDeviceAndSwapChain.csproj", "{22D71254-2389-42D6-BBFE-31C9C1186FBB}"
EndProject
Project("{FAE04EC0-301F-11D3-BF4B-00C04F79EFBC}") = "HLSLDebug", "HLSLDebug\HLSLDebug.csproj", "{26CE748F-3477-4D1F-A545-F55A2F8ECA6D}"
EndProject
Project("{FAE04EC0-301F-11D3-BF4B-00C04F79EFBC}") = "CreateBuffer", "CreateBuffer\CreateBuffer.csproj", "{C8340C9F-CDFE-4F2D-B011-4B68EB917152}"
EndProject
Global
	GlobalSection(SolutionConfigurationPlatforms) = preSolution
		Debug|Any CPU = Debug|Any CPU
		Release|Any CPU = Release|Any CPU
	EndGlobalSection
	GlobalSection(ProjectConfigurationPlatforms) = postSolution
		{22D71254-2389-42D6-BBFE-31C9C1186FBB}.Debug|Any CPU.ActiveCfg = Debug|Any CPU
		{22D71254-2389-42D6-BBFE-31C9C1186FBB}.Debug|Any CPU.Build.0 = Debug|Any CPU
		{22D71254-2389-42D6-BBFE-31C9C1186FBB}.Release|Any CPU.ActiveCfg = Release|Any CPU
		{22D71254-2389-42D6-BBFE-31C9C1186FBB}.Release|Any CPU.Build.0 = Release|Any CPU
		{26CE748F-3477-4D1F-A545-F55A2F8ECA6D}.Debug|Any CPU.ActiveCfg = Debug|Any CPU
		{26CE748F-3477-4D1F-A545-F55A2F8ECA6D}.Debug|Any CPU.Build.0 = Debug|Any CPU
		{26CE748F-3477-4D1F-A545-F55A2F8ECA6D}.Release|Any CPU.ActiveCfg = Release|Any CPU
		{26CE748F-3477-4D1F-A545-F55A2F8ECA6D}.Release|Any CPU.Build.0 = Release|Any CPU
		{C8340C9F-CDFE-4F2D-B011-4B68EB917152}.Debug|Any CPU.ActiveCfg = Debug|Any CPU
		{C8340C9F-CDFE-4F2D-B011-4B68EB917152}.Debug|Any CPU.Build.0 = Debug|Any CPU
		{C8340C9F-CDFE-4F2D-B011-4B68EB917152}.Release|Any CPU.ActiveCfg = Release|Any CPU
		{C8340C9F-CDFE-4F2D-B011-4B68EB917152}.Release|Any CPU.Build.0 = Release|Any CPU
	EndGlobalSection
	GlobalSection(SolutionProperties) = preSolution
		HideSolutionNode = FALSE
	EndGlobalSection
	GlobalSection(ExtensibilityGlobals) = postSolution
		SolutionGuid = {0C6AD29F-BEE6-4E8D-9359-4D4152938472}
	EndGlobalSection
EndGlobal
