<?xml version="1.0" encoding="utf-8"?>
<Project ToolsVersion="4.0" xmlns="http://schemas.microsoft.com/developer/msbuild/2003">
  <ItemGroup>
    <Filter Include="Misc">
      <UniqueIdentifier>ebb405fe-ca1b-4642-a7be-7610b29ccfcd</UniqueIdentifier>
      <Extensions>ico;cur;bmp;dds;dlg;fbx;rct;bin;rgs;gif;jpg;jpeg;jpe;resx;tga;tiff;tif;png;wav;mfcribbon-ms</Extensions>
    </Filter>
    <Filter Include="Renderer">
      <UniqueIdentifier>{e90dfe6f-941c-4ffa-93b8-4f13684744cb}</UniqueIdentifier>
    </Filter>
    <Filter Include="Shader">
      <UniqueIdentifier>{1b6be2da-110b-4c72-9a7f-f6d5bb6a11f1}</UniqueIdentifier>
    </Filter>
    <Filter Include="Win32">
      <UniqueIdentifier>{44e0137f-5997-4d07-9f88-78f990e337e5}</UniqueIdentifier>
    </Filter>
    <Filter Include="Common">
      <UniqueIdentifier>{542fa57b-94c8-4336-b28f-a3d12759e5b0}</UniqueIdentifier>
    </Filter>
    <Filter Include="Event">
      <UniqueIdentifier>{e5755e4f-8625-4fbd-afcd-764e355b2ee9}</UniqueIdentifier>
    </Filter>
    <Filter Include="Scene">
      <UniqueIdentifier>{8623add5-5d92-4317-84a1-36f6e69ddab4}</UniqueIdentifier>
    </Filter>
    <Filter Include="DX">
      <UniqueIdentifier>{8166fdb1-3892-4e2a-b6e7-cce435d4dcdc}</UniqueIdentifier>
    </Filter>
    <Filter Include="ThirdParty">
      <UniqueIdentifier>{756f45aa-52dd-4e4f-b809-0656e44a2e00}</UniqueIdentifier>
    </Filter>
  </ItemGroup>
  <ItemGroup>
    <ClInclude Include="pch.h">
      <Filter>Misc</Filter>
    </ClInclude>
    <ClInclude Include="D3DApp.h" />
    <ClInclude Include="Win32App.h">
      <Filter>Win32</Filter>
    </ClInclude>
    <ClInclude Include="TriangleRenderer.h">
      <Filter>Renderer</Filter>
    </ClInclude>
    <ClInclude Include="CubeRenderer.h">
      <Filter>Renderer</Filter>
    </ClInclude>
    <ClInclude Include="RendererUtil.h">
      <Filter>Renderer</Filter>
    </ClInclude>
    <ClInclude Include="ErrorHandling.h">
      <Filter>Common</Filter>
    </ClInclude>
    <ClInclude Include="Event.h">
      <Filter>Event</Filter>
    </ClInclude>
    <ClInclude Include="EventDefinitions.h">
      <Filter>Event</Filter>
    </ClInclude>
    <ClInclude Include="CameraRenderer.h">
      <Filter>Renderer</Filter>
    </ClInclude>
    <ClInclude Include="SkyboxRenderer.h">
      <Filter>Renderer</Filter>
    </ClInclude>
    <ClInclude Include="D3DRenderer.h">
      <Filter>Renderer</Filter>
    </ClInclude>
    <ClInclude Include="Camera.h">
      <Filter>Scene</Filter>
    </ClInclude>
    <ClInclude Include="D3DBuffer.h">
      <Filter>DX</Filter>
    </ClInclude>
    <ClInclude Include="RayRenderer.h">
      <Filter>Renderer</Filter>
    </ClInclude>
    <ClInclude Include="Sphere.h">
      <Filter>ThirdParty</Filter>
    </ClInclude>
    <ClInclude Include="DDSTextureLoader.h">
      <Filter>ThirdParty</Filter>
    </ClInclude>
  </ItemGroup>
  <ItemGroup>
    <ClCompile Include="pch.cpp">
      <Filter>Misc</Filter>
    </ClCompile>
    <ClCompile Include="D3DApp.cpp" />
    <ClCompile Include="Win32App.cpp">
      <Filter>Win32</Filter>
    </ClCompile>
    <ClCompile Include="Main.cpp" />
    <ClCompile Include="TriangleRenderer.cpp">
      <Filter>Renderer</Filter>
    </ClCompile>
    <ClCompile Include="CubeRenderer.cpp">
      <Filter>Renderer</Filter>
    </ClCompile>
    <ClCompile Include="RendererUtil.cpp">
      <Filter>Renderer</Filter>
    </ClCompile>
    <ClCompile Include="ErrorHandling.cpp">
      <Filter>Common</Filter>
    </ClCompile>
    <ClCompile Include="CameraRenderer.cpp">
      <Filter>Renderer</Filter>
    </ClCompile>
    <ClCompile Include="SkyboxRenderer.cpp">
      <Filter>Renderer</Filter>
    </ClCompile>
    <ClCompile Include="Camera.cpp">
      <Filter>Scene</Filter>
    </ClCompile>
    <ClCompile Include="D3DBuffer.cpp">
      <Filter>DX</Filter>
    </ClCompile>
    <ClCompile Include="RayRenderer.cpp">
      <Filter>Renderer</Filter>
    </ClCompile>
    <ClCompile Include="DDSTextureLoader.cpp">
      <Filter>ThirdParty</Filter>
    </ClCompile>
  </ItemGroup>
  <ItemGroup>
    <Image Include="directx.ico">
      <Filter>Misc</Filter>
    </Image>
    <Image Include="Skybox.dds">
      <Filter>Misc</Filter>
    </Image>
    <Image Include="Grass.dds">
      <Filter>Misc</Filter>
    </Image>
  </ItemGroup>
  <ItemGroup>
    <Manifest Include="settings.manifest">
      <Filter>Misc</Filter>
    </Manifest>
  </ItemGroup>
  <ItemGroup>
    <ResourceCompile Include="resource.rc">
      <Filter>Misc</Filter>
    </ResourceCompile>
  </ItemGroup>
  <ItemGroup>
    <None Include="TODO.md" />
  </ItemGroup>
  <ItemGroup>
    <FxCompile Include="PixelShader.hlsl">
      <Filter>Shader</Filter>
    </FxCompile>
    <FxCompile Include="VertexShader.hlsl">
      <Filter>Shader</Filter>
    </FxCompile>
    <FxCompile Include="SkyboxPS.hlsl">
      <Filter>Shader</Filter>
    </FxCompile>
    <FxCompile Include="SkyboxVS.hlsl">
      <Filter>Shader</Filter>
    </FxCompile>
    <FxCompile Include="CubeVS.hlsl">
      <Filter>Shader</Filter>
    </FxCompile>
    <FxCompile Include="CubePS.hlsl">
      <Filter>Shader</Filter>
    </FxCompile>
  </ItemGroup>
</Project>