
Microsoft Visual Studio Solution File, Format Version 12.00
# Visual Studio 15
VisualStudioVersion = 15.0.28307.1000
MinimumVisualStudioVersion = 10.0.40219.1
Project("{8BC9CEB8-8B4A-11D0-8D11-00A0C91BC942}") = "Experiment", "Experiment\Experiment.vcxproj", "{ED68164E-6F11-4296-957E-228B2C4A1D29}"
EndProject
Global
	GlobalSection(SolutionConfigurationPlatforms) = preSolution
		Debug|x64 = Debug|x64
		Debug|x86 = Debug|x86
		Release|x64 = Release|x64
		Release|x86 = Release|x86
	EndGlobalSection
	GlobalSection(ProjectConfigurationPlatforms) = postSolution
		{ED68164E-6F11-4296-957E-228B2C4A1D29}.Debug|x64.ActiveCfg = Debug|x64
		{ED68164E-6F11-4296-957E-228B2C4A1D29}.Debug|x64.Build.0 = Debug|x64
		{ED68164E-6F11-4296-957E-228B2C4A1D29}.Debug|x86.ActiveCfg = Debug|Win32
		{ED68164E-6F11-4296-957E-228B2C4A1D29}.Debug|x86.Build.0 = Debug|Win32
		{ED68164E-6F11-4296-957E-228B2C4A1D29}.Release|x64.ActiveCfg = Release|x64
		{ED68164E-6F11-4296-957E-228B2C4A1D29}.Release|x64.Build.0 = Release|x64
		{ED68164E-6F11-4296-957E-228B2C4A1D29}.Release|x86.ActiveCfg = Release|Win32
		{ED68164E-6F11-4296-957E-228B2C4A1D29}.Release|x86.Build.0 = Release|Win32
	EndGlobalSection
	GlobalSection(SolutionProperties) = preSolution
		HideSolutionNode = FALSE
	EndGlobalSection
	GlobalSection(ExtensibilityGlobals) = postSolution
		SolutionGuid = {B7E44CD0-7640-45B9-A4EC-08685C2BC984}
	EndGlobalSection
EndGlobal
